
Microsoft Visual Studio Solution File, Format Version 12.00
# Visual Studio Version 17
VisualStudioVersion = 17.0.31903.59
MinimumVisualStudioVersion = 10.0.40219.1
Project("{2150E333-8FDC-42A3-9474-1A3956D46DE8}") = "ContractBC", "ContractBC", "{3776989F-5729-47AD-A3A2-2B4C8195F0C3}"
EndProject
Project("{9A19103F-16F7-4668-BE54-9A1E7A4F7556}") = "PublisherSystem.SharedKernel", "SharedKernel\src\PluralsightDdd.SharedKernel\PublisherSystem.SharedKernel.csproj", "{9EFE9238-DF3B-49C7-96A9-077167BDE45B}"
EndProject
Project("{9A19103F-16F7-4668-BE54-9A1E7A4F7556}") = "Domain", "ContractBC\Domain\Domain.csproj", "{6FDB5D88-8F59-4602-9A1E-94B1748FE45E}"
EndProject
Project("{9A19103F-16F7-4668-BE54-9A1E7A4F7556}") = "UnitTests", "ContractBC\UnitTests\UnitTests.csproj", "{4F4C65B0-7C39-4970-99A2-4900AAF296F6}"
EndProject
Project("{9A19103F-16F7-4668-BE54-9A1E7A4F7556}") = "Infrastructure.Data", "ContractBC\Infrastructure\Data\Infrastructure.Data.csproj", "{7B915C54-A3D7-42EC-B21B-F52B5A1961C2}"
EndProject
Project("{9A19103F-16F7-4668-BE54-9A1E7A4F7556}") = "IntegrationTests", "ContractBC\IntegrationTests\IntegrationTests.csproj", "{79A40C0F-EF04-4E39-9ABD-50C09ECA094D}"
EndProject
Project("{2150E333-8FDC-42A3-9474-1A3956D46DE8}") = "FrontEndToTestTheSearch", "FrontEndToTestTheSearch", "{21856771-CC05-4CD1-A66F-B7C6E1E8FED2}"
EndProject
Project("{9A19103F-16F7-4668-BE54-9A1E7A4F7556}") = "ContractingFrontEndAPI", "APIToTestSearch\ContractingFrontEndAPI.csproj", "{0BF9E7DF-37C4-4F6A-97E4-415572819250}"
EndProject
Project("{9A19103F-16F7-4668-BE54-9A1E7A4F7556}") = "ContractingUI", "ContractingUI\ContractingUI.csproj", "{CDF0D556-0F1B-4995-8693-97EA6A7B70B2}"
EndProject
Global
	GlobalSection(SolutionConfigurationPlatforms) = preSolution
		Debug|Any CPU = Debug|Any CPU
		Release|Any CPU = Release|Any CPU
	EndGlobalSection
	GlobalSection(ProjectConfigurationPlatforms) = postSolution
		{9EFE9238-DF3B-49C7-96A9-077167BDE45B}.Debug|Any CPU.ActiveCfg = Debug|Any CPU
		{9EFE9238-DF3B-49C7-96A9-077167BDE45B}.Debug|Any CPU.Build.0 = Debug|Any CPU
		{9EFE9238-DF3B-49C7-96A9-077167BDE45B}.Release|Any CPU.ActiveCfg = Release|Any CPU
		{9EFE9238-DF3B-49C7-96A9-077167BDE45B}.Release|Any CPU.Build.0 = Release|Any CPU
		{6FDB5D88-8F59-4602-9A1E-94B1748FE45E}.Debug|Any CPU.ActiveCfg = Debug|Any CPU
		{6FDB5D88-8F59-4602-9A1E-94B1748FE45E}.Debug|Any CPU.Build.0 = Debug|Any CPU
		{6FDB5D88-8F59-4602-9A1E-94B1748FE45E}.Release|Any CPU.ActiveCfg = Release|Any CPU
		{6FDB5D88-8F59-4602-9A1E-94B1748FE45E}.Release|Any CPU.Build.0 = Release|Any CPU
		{4F4C65B0-7C39-4970-99A2-4900AAF296F6}.Debug|Any CPU.ActiveCfg = Debug|Any CPU
		{4F4C65B0-7C39-4970-99A2-4900AAF296F6}.Debug|Any CPU.Build.0 = Debug|Any CPU
		{4F4C65B0-7C39-4970-99A2-4900AAF296F6}.Release|Any CPU.ActiveCfg = Release|Any CPU
		{4F4C65B0-7C39-4970-99A2-4900AAF296F6}.Release|Any CPU.Build.0 = Release|Any CPU
		{7B915C54-A3D7-42EC-B21B-F52B5A1961C2}.Debug|Any CPU.ActiveCfg = Debug|Any CPU
		{7B915C54-A3D7-42EC-B21B-F52B5A1961C2}.Debug|Any CPU.Build.0 = Debug|Any CPU
		{7B915C54-A3D7-42EC-B21B-F52B5A1961C2}.Release|Any CPU.ActiveCfg = Release|Any CPU
		{7B915C54-A3D7-42EC-B21B-F52B5A1961C2}.Release|Any CPU.Build.0 = Release|Any CPU
		{79A40C0F-EF04-4E39-9ABD-50C09ECA094D}.Debug|Any CPU.ActiveCfg = Debug|Any CPU
		{79A40C0F-EF04-4E39-9ABD-50C09ECA094D}.Debug|Any CPU.Build.0 = Debug|Any CPU
		{79A40C0F-EF04-4E39-9ABD-50C09ECA094D}.Release|Any CPU.ActiveCfg = Release|Any CPU
		{79A40C0F-EF04-4E39-9ABD-50C09ECA094D}.Release|Any CPU.Build.0 = Release|Any CPU
		{0BF9E7DF-37C4-4F6A-97E4-415572819250}.Debug|Any CPU.ActiveCfg = Debug|Any CPU
		{0BF9E7DF-37C4-4F6A-97E4-415572819250}.Debug|Any CPU.Build.0 = Debug|Any CPU
		{0BF9E7DF-37C4-4F6A-97E4-415572819250}.Release|Any CPU.ActiveCfg = Release|Any CPU
		{0BF9E7DF-37C4-4F6A-97E4-415572819250}.Release|Any CPU.Build.0 = Release|Any CPU
		{CDF0D556-0F1B-4995-8693-97EA6A7B70B2}.Debug|Any CPU.ActiveCfg = Debug|Any CPU
		{CDF0D556-0F1B-4995-8693-97EA6A7B70B2}.Debug|Any CPU.Build.0 = Debug|Any CPU
		{CDF0D556-0F1B-4995-8693-97EA6A7B70B2}.Release|Any CPU.ActiveCfg = Release|Any CPU
		{CDF0D556-0F1B-4995-8693-97EA6A7B70B2}.Release|Any CPU.Build.0 = Release|Any CPU
	EndGlobalSection
	GlobalSection(SolutionProperties) = preSolution
		HideSolutionNode = FALSE
	EndGlobalSection
	GlobalSection(NestedProjects) = preSolution
		{6FDB5D88-8F59-4602-9A1E-94B1748FE45E} = {3776989F-5729-47AD-A3A2-2B4C8195F0C3}
		{4F4C65B0-7C39-4970-99A2-4900AAF296F6} = {3776989F-5729-47AD-A3A2-2B4C8195F0C3}
		{7B915C54-A3D7-42EC-B21B-F52B5A1961C2} = {3776989F-5729-47AD-A3A2-2B4C8195F0C3}
		{79A40C0F-EF04-4E39-9ABD-50C09ECA094D} = {3776989F-5729-47AD-A3A2-2B4C8195F0C3}
		{0BF9E7DF-37C4-4F6A-97E4-415572819250} = {21856771-CC05-4CD1-A66F-B7C6E1E8FED2}
		{CDF0D556-0F1B-4995-8693-97EA6A7B70B2} = {21856771-CC05-4CD1-A66F-B7C6E1E8FED2}
	EndGlobalSection
	GlobalSection(ExtensibilityGlobals) = postSolution
		SolutionGuid = {BE7BD3BD-8984-4939-A7A4-96A765E44B2C}
	EndGlobalSection
EndGlobal
